// !$*UTF8*$!
{
	archiveVersion = 1;
	classes = {
	};
	objectVersion = 46;
	objects = {

/* Begin PBXBuildFile section */
		37683EF21EE5BB3D0067239F /* AppDelegate.swift in Sources */ = {isa = PBXBuildFile; fileRef = 37683EF11EE5BB3D0067239F /* AppDelegate.swift */; };
		37683EF41EE5BB3D0067239F /* ViewController.swift in Sources */ = {isa = PBXBuildFile; fileRef = 37683EF31EE5BB3D0067239F /* ViewController.swift */; };
		37683EF71EE5BB3D0067239F /* Main.storyboard in Resources */ = {isa = PBXBuildFile; fileRef = 37683EF51EE5BB3D0067239F /* Main.storyboard */; };
		37683EF91EE5BB3D0067239F /* Assets.xcassets in Resources */ = {isa = PBXBuildFile; fileRef = 37683EF81EE5BB3D0067239F /* Assets.xcassets */; };
		37683EFC1EE5BB3D0067239F /* LaunchScreen.storyboard in Resources */ = {isa = PBXBuildFile; fileRef = 37683EFA1EE5BB3D0067239F /* LaunchScreen.storyboard */; };
		37683F061EE5C0110067239F /* TransportCategoryRow.swift in Sources */ = {isa = PBXBuildFile; fileRef = 37683F051EE5C0110067239F /* TransportCategoryRow.swift */; };
		37683F081EE5DE340067239F /* Transporter.swift in Sources */ = {isa = PBXBuildFile; fileRef = 37683F071EE5DE340067239F /* Transporter.swift */; };
		37683F0A1EE5ECAB0067239F /* TransportCollectionViewCell.swift in Sources */ = {isa = PBXBuildFile; fileRef = 37683F091EE5ECAB0067239F /* TransportCollectionViewCell.swift */; };
		37683F0E1EE5F1100067239F /* images in Resources */ = {isa = PBXBuildFile; fileRef = 37683F0D1EE5F1100067239F /* images */; };
		37683F101EE5F8460067239F /* Constant.swift in Sources */ = {isa = PBXBuildFile; fileRef = 37683F0F1EE5F8460067239F /* Constant.swift */; };
/* End PBXBuildFile section */

/* Begin PBXFileReference section */
		37683EEE1EE5BB3D0067239F /* Transportation.app */ = {isa = PBXFileReference; explicitFileType = wrapper.application; includeInIndex = 0; path = Transportation.app; sourceTree = BUILT_PRODUCTS_DIR; };
		37683EF11EE5BB3D0067239F /* AppDelegate.swift */ = {isa = PBXFileReference; lastKnownFileType = sourcecode.swift; path = AppDelegate.swift; sourceTree = "<group>"; };
		37683EF31EE5BB3D0067239F /* ViewController.swift */ = {isa = PBXFileReference; lastKnownFileType = sourcecode.swift; path = ViewController.swift; sourceTree = "<group>"; };
		37683EF61EE5BB3D0067239F /* Base */ = {isa = PBXFileReference; lastKnownFileType = file.storyboard; name = Base; path = Base.lproj/Main.storyboard; sourceTree = "<group>"; };
		37683EF81EE5BB3D0067239F /* Assets.xcassets */ = {isa = PBXFileReference; lastKnownFileType = folder.assetcatalog; path = Assets.xcassets; sourceTree = "<group>"; };
		37683EFB1EE5BB3D0067239F /* Base */ = {isa = PBXFileReference; lastKnownFileType = file.storyboard; name = Base; path = Base.lproj/LaunchScreen.storyboard; sourceTree = "<group>"; };
		37683EFD1EE5BB3D0067239F /* Info.plist */ = {isa = PBXFileReference; lastKnownFileType = text.plist.xml; path = Info.plist; sourceTree = "<group>"; };
		37683F051EE5C0110067239F /* TransportCategoryRow.swift */ = {isa = PBXFileReference; fileEncoding = 4; lastKnownFileType = sourcecode.swift; path = TransportCategoryRow.swift; sourceTree = "<group>"; };
		37683F071EE5DE340067239F /* Transporter.swift */ = {isa = PBXFileReference; fileEncoding = 4; lastKnownFileType = sourcecode.swift; path = Transporter.swift; sourceTree = "<group>"; };
		37683F091EE5ECAB0067239F /* TransportCollectionViewCell.swift */ = {isa = PBXFileReference; fileEncoding = 4; lastKnownFileType = sourcecode.swift; path = TransportCollectionViewCell.swift; sourceTree = "<group>"; };
		37683F0D1EE5F1100067239F /* images */ = {isa = PBXFileReference; lastKnownFileType = folder; path = images; sourceTree = "<group>"; };
		37683F0F1EE5F8460067239F /* Constant.swift */ = {isa = PBXFileReference; fileEncoding = 4; lastKnownFileType = sourcecode.swift; path = Constant.swift; sourceTree = "<group>"; };
/* End PBXFileReference section */

/* Begin PBXFrameworksBuildPhase section */
		37683EEB1EE5BB3D0067239F /* Frameworks */ = {
			isa = PBXFrameworksBuildPhase;
			buildActionMask = 2147483647;
			files = (
			);
			runOnlyForDeploymentPostprocessing = 0;
		};
/* End PBXFrameworksBuildPhase section */

/* Begin PBXGroup section */
		37683EE51EE5BB3D0067239F = {
			isa = PBXGroup;
			children = (
				37683EF01EE5BB3D0067239F /* Transportation */,
				37683EEF1EE5BB3D0067239F /* Products */,
			);
			sourceTree = "<group>";
		};
		37683EEF1EE5BB3D0067239F /* Products */ = {
			isa = PBXGroup;
			children = (
				37683EEE1EE5BB3D0067239F /* Transportation.app */,
			);
			name = Products;
			sourceTree = "<group>";
		};
		37683EF01EE5BB3D0067239F /* Transportation */ = {
			isa = PBXGroup;
			children = (
				37683EF11EE5BB3D0067239F /* AppDelegate.swift */,
				37683EF31EE5BB3D0067239F /* ViewController.swift */,
				37683F091EE5ECAB0067239F /* TransportCollectionViewCell.swift */,
				37683F051EE5C0110067239F /* TransportCategoryRow.swift */,
				37683F071EE5DE340067239F /* Transporter.swift */,
				37683EF51EE5BB3D0067239F /* Main.storyboard */,
				37683EF81EE5BB3D0067239F /* Assets.xcassets */,
				37683EFA1EE5BB3D0067239F /* LaunchScreen.storyboard */,
				37683EFD1EE5BB3D0067239F /* Info.plist */,
				37683F0D1EE5F1100067239F /* images */,
				37683F0F1EE5F8460067239F /* Constant.swift */,
			);
			path = Transportation;
			sourceTree = "<group>";
		};
/* End PBXGroup section */

/* Begin PBXNativeTarget section */
		37683EED1EE5BB3D0067239F /* Transportation */ = {
			isa = PBXNativeTarget;
			buildConfigurationList = 37683F001EE5BB3D0067239F /* Build configuration list for PBXNativeTarget "Transportation" */;
			buildPhases = (
				37683EEA1EE5BB3D0067239F /* Sources */,
				37683EEB1EE5BB3D0067239F /* Frameworks */,
				37683EEC1EE5BB3D0067239F /* Resources */,
			);
			buildRules = (
			);
			dependencies = (
			);
			name = Transportation;
			productName = Transportation;
			productReference = 37683EEE1EE5BB3D0067239F /* Transportation.app */;
			productType = "com.apple.product-type.application";
		};
/* End PBXNativeTarget section */

/* Begin PBXProject section */
		37683EE61EE5BB3D0067239F /* Project object */ = {
			isa = PBXProject;
			attributes = {
				LastSwiftUpdateCheck = 0830;
				LastUpgradeCheck = 0830;
				ORGANIZATIONNAME = iShinobi;
				TargetAttributes = {
					37683EED1EE5BB3D0067239F = {
						CreatedOnToolsVersion = 8.3.2;
						DevelopmentTeam = WZFHSP6QD4;
						ProvisioningStyle = Automatic;
					};
				};
			};
			buildConfigurationList = 37683EE91EE5BB3D0067239F /* Build configuration list for PBXProject "Transportation" */;
			compatibilityVersion = "Xcode 3.2";
			developmentRegion = English;
			hasScannedForEncodings = 0;
			knownRegions = (
				en,
				Base,
			);
			mainGroup = 37683EE51EE5BB3D0067239F;
			productRefGroup = 37683EEF1EE5BB3D0067239F /* Products */;
			projectDirPath = "";
			projectRoot = "";
			targets = (
				37683EED1EE5BB3D0067239F /* Transportation */,
			);
		};
/* End PBXProject section */

/* Begin PBXResourcesBuildPhase section */
		37683EEC1EE5BB3D0067239F /* Resources */ = {
			isa = PBXResourcesBuildPhase;
			buildActionMask = 2147483647;
			files = (
				37683F0E1EE5F1100067239F /* images in Resources */,
				37683EFC1EE5BB3D0067239F /* LaunchScreen.storyboard in Resources */,
				37683EF91EE5BB3D0067239F /* Assets.xcassets in Resources */,
				37683EF71EE5BB3D0067239F /* Main.storyboard in Resources */,
			);
			runOnlyForDeploymentPostprocessing = 0;
		};
/* End PBXResourcesBuildPhase section */

/* Begin PBXSourcesBuildPhase section */
		37683EEA1EE5BB3D0067239F /* Sources */ = {
			isa = PBXSourcesBuildPhase;
			buildActionMask = 2147483647;
			files = (
				37683F081EE5DE340067239F /* Transporter.swift in Sources */,
				37683F0A1EE5ECAB0067239F /* TransportCollectionViewCell.swift in Sources */,
				37683F061EE5C0110067239F /* TransportCategoryRow.swift in Sources */,
				37683EF41EE5BB3D0067239F /* ViewController.swift in Sources */,
				37683EF21EE5BB3D0067239F /* AppDelegate.swift in Sources */,
				37683F101EE5F8460067239F /* Constant.swift in Sources */,
			);
			runOnlyForDeploymentPostprocessing = 0;
		};
/* End PBXSourcesBuildPhase section */

/* Begin PBXVariantGroup section */
		37683EF51EE5BB3D0067239F /* Main.storyboard */ = {
			isa = PBXVariantGroup;
			children = (
				37683EF61EE5BB3D0067239F /* Base */,
			);
			name = Main.storyboard;
			sourceTree = "<group>";
		};
		37683EFA1EE5BB3D0067239F /* LaunchScreen.storyboard */ = {
			isa = PBXVariantGroup;
			children = (
				37683EFB1EE5BB3D0067239F /* Base */,
			);
			name = LaunchScreen.storyboard;
			sourceTree = "<group>";
		};
/* End PBXVariantGroup section */

/* Begin XCBuildConfiguration section */
		37683EFE1EE5BB3D0067239F /* Debug */ = {
			isa = XCBuildConfiguration;
			buildSettings = {
				ALWAYS_SEARCH_USER_PATHS = NO;
				CLANG_ANALYZER_NONNULL = YES;
				CLANG_ANALYZER_NUMBER_OBJECT_CONVERSION = YES_AGGRESSIVE;
				CLANG_CXX_LANGUAGE_STANDARD = "gnu++0x";
				CLANG_CXX_LIBRARY = "libc++";
				CLANG_ENABLE_MODULES = YES;
				CLANG_ENABLE_OBJC_ARC = YES;
				CLANG_WARN_BOOL_CONVERSION = YES;
				CLANG_WARN_CONSTANT_CONVERSION = YES;
				CLANG_WARN_DIRECT_OBJC_ISA_USAGE = YES_ERROR;
				CLANG_WARN_DOCUMENTATION_COMMENTS = YES;
				CLANG_WARN_EMPTY_BODY = YES;
				CLANG_WARN_ENUM_CONVERSION = YES;
				CLANG_WARN_INFINITE_RECURSION = YES;
				CLANG_WARN_INT_CONVERSION = YES;
				CLANG_WARN_OBJC_ROOT_CLASS = YES_ERROR;
				CLANG_WARN_SUSPICIOUS_MOVE = YES;
				CLANG_WARN_UNREACHABLE_CODE = YES;
				CLANG_WARN__DUPLICATE_METHOD_MATCH = YES;
				"CODE_SIGN_IDENTITY[sdk=iphoneos*]" = "iPhone Developer";
				COPY_PHASE_STRIP = NO;
				DEBUG_INFORMATION_FORMAT = dwarf;
				ENABLE_STRICT_OBJC_MSGSEND = YES;
				ENABLE_TESTABILITY = YES;
				GCC_C_LANGUAGE_STANDARD = gnu99;
				GCC_DYNAMIC_NO_PIC = NO;
				GCC_NO_COMMON_BLOCKS = YES;
				GCC_OPTIMIZATION_LEVEL = 0;
				GCC_PREPROCESSOR_DEFINITIONS = (
					"DEBUG=1",
					"$(inherited)",
				);
				GCC_WARN_64_TO_32_BIT_CONVERSION = YES;
				GCC_WARN_ABOUT_RETURN_TYPE = YES_ERROR;
				GCC_WARN_UNDECLARED_SELECTOR = YES;
				GCC_WARN_UNINITIALIZED_AUTOS = YES_AGGRESSIVE;
				GCC_WARN_UNUSED_FUNCTION = YES;
				GCC_WARN_UNUSED_VARIABLE = YES;
				IPHONEOS_DEPLOYMENT_TARGET = 10.3;
				MTL_ENABLE_DEBUG_INFO = YES;
				ONLY_ACTIVE_ARCH = YES;
				SDKROOT = iphoneos;
				SWIFT_ACTIVE_COMPILATION_CONDITIONS = DEBUG;
				SWIFT_OPTIMIZATION_LEVEL = "-Onone";
				TARGETED_DEVICE_FAMILY = "1,2";
			};
			name = Debug;
		};
		37683EFF1EE5BB3D0067239F /* Release */ = {
			isa = XCBuildConfiguration;
			buildSettings = {
				ALWAYS_SEARCH_USER_PATHS = NO;
				CLANG_ANALYZER_NONNULL = YES;
				CLANG_ANALYZER_NUMBER_OBJECT_CONVERSION = YES_AGGRESSIVE;
				CLANG_CXX_LANGUAGE_STANDARD = "gnu++0x";
				CLANG_CXX_LIBRARY = "libc++";
				CLANG_ENABLE_MODULES = YES;
				CLANG_ENABLE_OBJC_ARC = YES;
				CLANG_WARN_BOOL_CONVERSION = YES;
				CLANG_WARN_CONSTANT_CONVERSION = YES;
				CLANG_WARN_DIRECT_OBJC_ISA_USAGE = YES_ERROR;
				CLANG_WARN_DOCUMENTATION_COMMENTS = YES;
				CLANG_WARN_EMPTY_BODY = YES;
				CLANG_WARN_ENUM_CONVERSION = YES;
				CLANG_WARN_INFINITE_RECURSION = YES;
				CLANG_WARN_INT_CONVERSION = YES;
				CLANG_WARN_OBJC_ROOT_CLASS = YES_ERROR;
				CLANG_WARN_SUSPICIOUS_MOVE = YES;
				CLANG_WARN_UNREACHABLE_CODE = YES;
				CLANG_WARN__DUPLICATE_METHOD_MATCH = YES;
				"CODE_SIGN_IDENTITY[sdk=iphoneos*]" = "iPhone Developer";
				COPY_PHASE_STRIP = NO;
				DEBUG_INFORMATION_FORMAT = "dwarf-with-dsym";
				ENABLE_NS_ASSERTIONS = NO;
				ENABLE_STRICT_OBJC_MSGSEND = YES;
				GCC_C_LANGUAGE_STANDARD = gnu99;
				GCC_NO_COMMON_BLOCKS = YES;
				GCC_WARN_64_TO_32_BIT_CONVERSION = YES;
				GCC_WARN_ABOUT_RETURN_TYPE = YES_ERROR;
				GCC_WARN_UNDECLARED_SELECTOR = YES;
				GCC_WARN_UNINITIALIZED_AUTOS = YES_AGGRESSIVE;
				GCC_WARN_UNUSED_FUNCTION = YES;
				GCC_WARN_UNUSED_VARIABLE = YES;
				IPHONEOS_DEPLOYMENT_TARGET = 10.3;
				MTL_ENABLE_DEBUG_INFO = NO;
				SDKROOT = iphoneos;
				SWIFT_OPTIMIZATION_LEVEL = "-Owholemodule";
				TARGETED_DEVICE_FAMILY = "1,2";
				VALIDATE_PRODUCT = YES;
			};
			name = Release;
		};
		37683F011EE5BB3D0067239F /* Debug */ = {
			isa = XCBuildConfiguration;
			buildSettings = {
				ASSETCATALOG_COMPILER_APPICON_NAME = AppIcon;
				DEVELOPMENT_TEAM = WZFHSP6QD4;
				INFOPLIST_FILE = Transportation/Info.plist;
				LD_RUNPATH_SEARCH_PATHS = "$(inherited) @executable_path/Frameworks";
				PRODUCT_BUNDLE_IDENTIFIER = ninja.pragprog.careerfoundry.Transportation;
				PRODUCT_NAME = "$(TARGET_NAME)";
				SWIFT_VERSION = 3.0;
			};
			name = Debug;
		};
		37683F021EE5BB3D0067239F /* Release */ = {
			isa = XCBuildConfiguration;
			buildSettings = {
				ASSETCATALOG_COMPILER_APPICON_NAME = AppIcon;
				DEVELOPMENT_TEAM = WZFHSP6QD4;
				INFOPLIST_FILE = Transportation/Info.plist;
				LD_RUNPATH_SEARCH_PATHS = "$(inherited) @executable_path/Frameworks";
				PRODUCT_BUNDLE_IDENTIFIER = ninja.pragprog.careerfoundry.Transportation;
				PRODUCT_NAME = "$(TARGET_NAME)";
				SWIFT_VERSION = 3.0;
			};
			name = Release;
		};
/* End XCBuildConfiguration section */

/* Begin XCConfigurationList section */
		37683EE91EE5BB3D0067239F /* Build configuration list for PBXProject "Transportation" */ = {
			isa = XCConfigurationList;
			buildConfigurations = (
				37683EFE1EE5BB3D0067239F /* Debug */,
				37683EFF1EE5BB3D0067239F /* Release */,
			);
			defaultConfigurationIsVisible = 0;
			defaultConfigurationName = Release;
		};
		37683F001EE5BB3D0067239F /* Build configuration list for PBXNativeTarget "Transportation" */ = {
			isa = XCConfigurationList;
			buildConfigurations = (
				37683F011EE5BB3D0067239F /* Debug */,
				37683F021EE5BB3D0067239F /* Release */,
			);
			defaultConfigurationIsVisible = 0;
		};
/* End XCConfigurationList section */
	};
	rootObject = 37683EE61EE5BB3D0067239F /* Project object */;
}
